
Microsoft Visual Studio Solution File, Format Version 12.00
Project("{FAE04EC0-301F-11D3-BF4B-00C04F79EFBC}") = "KpVotes", "KpVotes\KpVotes.csproj", "{7E47B941-479E-41DA-9BA0-718E803E4772}"
EndProject
Project("{FAE04EC0-301F-11D3-BF4B-00C04F79EFBC}") = "KpVotes.Tests", "KpVotes.Tests\KpVotes.Tests.csproj", "{8F0A3E7C-5FA4-413E-B3F1-907D405299A5}"
EndProject
Global
	GlobalSection(SolutionConfigurationPlatforms) = preSolution
		Debug|Any CPU = Debug|Any CPU
		Release|Any CPU = Release|Any CPU
	EndGlobalSection
	GlobalSection(ProjectConfigurationPlatforms) = postSolution
		{7E47B941-479E-41DA-9BA0-718E803E4772}.Debug|Any CPU.ActiveCfg = Debug|Any CPU
		{7E47B941-479E-41DA-9BA0-718E803E4772}.Debug|Any CPU.Build.0 = Debug|Any CPU
		{7E47B941-479E-41DA-9BA0-718E803E4772}.Release|Any CPU.ActiveCfg = Release|Any CPU
		{7E47B941-479E-41DA-9BA0-718E803E4772}.Release|Any CPU.Build.0 = Release|Any CPU
		{8F0A3E7C-5FA4-413E-B3F1-907D405299A5}.Debug|Any CPU.ActiveCfg = Debug|Any CPU
		{8F0A3E7C-5FA4-413E-B3F1-907D405299A5}.Debug|Any CPU.Build.0 = Debug|Any CPU
		{8F0A3E7C-5FA4-413E-B3F1-907D405299A5}.Release|Any CPU.ActiveCfg = Release|Any CPU
		{8F0A3E7C-5FA4-413E-B3F1-907D405299A5}.Release|Any CPU.Build.0 = Release|Any CPU
	EndGlobalSection
EndGlobal
